# THIS IS AN AUTOGENERATED FILE. DO NOT EDIT THIS FILE DIRECTLY.
assets/Roboto-Regular.ttf:
  development: 2017-07-21T11:56:23-04:00   5673da52c98bb6cb33ada5aaf649703e
assets/Untitled-3.png:
  development: 2017-09-06T12:26:57-04:00   aaea0252d6c7de0991cffa5e0ce31eae
assets/ajax-cart.js.liquid:
  development: 2017-07-20T17:12:00-04:00   5089d437026dde38c1918ea91324d35a
assets/bottom-ads1.png:
  development: 2017-08-03T01:48:45-04:00   24fdbc406906f3364f47bf0ded2b4c2f
assets/bottom-ads2.png:
  development: 2017-08-03T01:48:56-04:00   4ce54434efa422185a0a9360d8f613e7
assets/bottom-ads3.png:
  development: 2017-08-03T01:49:07-04:00   b45293b598c4c622f1fb698b2cdd0dbd
assets/bottom_ads1_v2.jpg:
  development: 2017-09-05T16:52:32-04:00   e57e2bc1c059d78020f31d0d939d1c93
assets/bottom_ads2_v2.jpg:
  development: 2017-09-05T16:58:28-04:00   c6aab158ed337685a615cdb80a4107a4
assets/bottom_ads3_v2.jpg:
  development: 2017-09-05T16:58:44-04:00   9de20125af61047369e25fa909ed646d
assets/cc-amazon_payments.png:
  development: 2017-07-26T09:32:57-04:00   31d5f3fef48877f89a7da00e16ab181f
assets/cc-amazon_payments_2x.png:
  development: 2017-07-26T09:33:09-04:00   dda240a5e17aa4d9413474eee7907512
assets/cc-american_express.png:
  development: 2017-07-26T09:33:20-04:00   1f1dd883832505c5882301b8ca9ce879
assets/cc-american_express_2x.png:
  development: 2017-07-26T09:33:31-04:00   249944585a02361394320c4b02b25fe9
assets/cc-apple_pay.png:
  development: 2017-07-26T09:33:42-04:00   e4c503ea614cd4253a7b0627249d6f9e
assets/cc-apple_pay_2x.png:
  development: 2017-07-26T09:33:58-04:00   aaeb085762ad97aa9de4e0886f98ce62
assets/cc-bitcoin.png:
  development: 2017-07-26T09:34:09-04:00   562e3281048824e35a33e860d85cf707
assets/cc-bitcoin_2x.png:
  development: 2017-07-26T09:34:18-04:00   3f023459f178928447dc399678098e18
assets/cc-diners_club.png:
  development: 2017-07-26T09:34:28-04:00   d5a0106599735c6a4375e3fc2b9dae92
assets/cc-diners_club_2x.png:
  development: 2017-07-26T09:34:43-04:00   24e6e859776b54af24f504c4fc1cb34b
assets/cc-discover.png:
  development: 2017-07-26T09:35:04-04:00   2303b9eb70b4dc66684c3403986a4020
assets/cc-discover_2x.png:
  development: 2017-07-26T09:35:22-04:00   a83a9bdfe17e23cd72288f38514fb91f
assets/cc-jcb.png:
  development: 2017-07-26T09:35:36-04:00   65800e36b9e3cd68107cc5f45fa2532b
assets/cc-jcb_2x.png:
  development: 2017-07-26T09:35:47-04:00   b5f4bb7bf821bef6bba8633637061023
assets/cc-maestro.png:
  development: 2017-07-26T09:35:58-04:00   6f28553f8944211b48ebcb13af721d62
assets/cc-maestro_2x.png:
  development: 2017-07-26T09:36:07-04:00   264a0ee2310ec22c883c204874cb67e3
assets/cc-master.png:
  development: 2017-07-26T09:36:15-04:00   157534e5bd869d1838551cb295f8a41f
assets/cc-master_2x.png:
  development: 2017-07-26T09:36:26-04:00   31a1dbc5495d25fe020c040b5aaf94f3
assets/cc-paypal.png:
  development: 2017-07-26T09:36:34-04:00   db350656b4c27503a7862c10934c9fec
assets/cc-paypal_2x.png:
  development: 2017-07-26T09:36:44-04:00   6ea7762e9ccd8b7766849117cea9bf4b
assets/cc-visa.png:
  development: 2017-07-26T09:36:53-04:00   818ada30edccdb304d1ef95b24c85a93
assets/cc-visa_2x.png:
  development: 2017-07-26T09:37:03-04:00   308f9ef214693527d943f78cebc74f24
assets/collection-slider1.png:
  development: 2017-07-26T17:22:00-04:00   d7e8b08402eeb21fee3b61960b2b42ea
assets/collection-slider2.png:
  development: 2017-07-26T17:22:16-04:00   9ffdbd90fe915e3e783744de6990eedd
assets/collection-slider3.png:
  development: 2017-07-26T17:22:30-04:00   2be3b12adea7f6fe24976523e851d486
assets/collection-slider4.png:
  development: 2017-07-26T17:22:38-04:00   9c9ff31fb811231c132bc3a0b3061f91
assets/custom.scss.liquid:
  development: 2017-09-02T17:27:29-04:00   be52978e05dd231c097de9badc65a655
assets/evm-recently-viewed.js.liquid:
  development: 2017-09-01T17:35:42-04:00   ff78205ebb4b4368c503a54a83351878
assets/flexslider-icon.eot:
  development: 2017-07-21T17:06:26-04:00   9c9cb7a6055043933ba68854f521af45
assets/flexslider-icon.svg:
  development: 2017-07-21T17:06:44-04:00   10e8a5455c4522c48aa975eacd4f0023
assets/flexslider-icon.ttf:
  development: 2017-07-21T17:06:56-04:00   b4c9e5057989b9727a5df4e0a21af33c
assets/flexslider-icon.woff:
  development: 2017-07-21T17:07:09-04:00   f8b92f66539473eea649c8514eb836a0
assets/flexslider-product.css.liquid:
  development: 2017-08-17T05:01:42-04:00   377b1ca812a05bb96ec82f3764ebac29
assets/flexslider.css.liquid:
  development: 2017-09-08T14:23:29-04:00   4ad439d6c420a98be0de5d6a084017c7
assets/footer_ad_1.png:
  development: 2017-08-01T15:18:14-04:00   77a30a8cda68aa05b78d7e40a4ca9899
assets/footer_ad_2.png:
  development: 2017-08-01T15:19:33-04:00   a9c5c15b10f08ae96a87786fa6384995
assets/footer_ad_3.png:
  development: 2017-08-01T15:19:40-04:00   b16f677ca13e72e66c21d6d1550ddf8a
assets/gift-card.scss.liquid:
  development: 2017-07-20T17:12:00-04:00   c4d99d6414af35760c5112b609962e87
assets/handlebars.min.js:
  development: 2017-07-20T17:12:00-04:00   b3c11508a224ee83f86e2fc6491e9751
assets/home-ads1.png:
  development: 2017-08-03T01:36:07-04:00   91eb6ff8bbd9437303cc15d8a887721c
assets/home-ads2.png:
  development: 2017-08-03T01:36:34-04:00   ff98fd45100b25ad04207a7be4897ac3
assets/home-ads3.png:
  development: 2017-08-03T01:36:49-04:00   1a20b67aac1dea40c9a1b755097989e4
assets/home-slider1-v2:
  development: 2017-09-05T15:45:26-04:00   381f29a7b4d296dd153131beab94eeaf
assets/home-slider1.jpg:
  development: 2017-08-02T08:32:13-04:00   37086f805b17d703355093d4329e5893
assets/home-slider1.png:
  development: 2017-08-03T01:32:09-04:00   b84c24f98bb5e8619ec729552225c3eb
assets/home-slider2.jpg:
  development: 2017-08-02T08:32:25-04:00   c6f0b638f6e9f1eddcd32f970e2c835b
assets/home-slider2.png:
  development: 2017-08-03T01:32:30-04:00   bbb109a0114a5fa8b20c804b8035db34
assets/home-slider3.jpg:
  development: 2017-08-02T08:32:35-04:00   adaddea14f924490dfe9bf35de2f15d7
assets/home-slider3.png:
  development: 2017-08-03T01:32:45-04:00   67539362d6fce6865ab0c4ec2f3508b7
assets/home_ads1_v2.jpg:
  development: 2017-09-05T17:04:23-04:00   15feaca2594255ec935b49b9fddff85e
assets/home_slider1_v2.jpg:
  development: 2017-09-05T15:47:25-04:00   381f29a7b4d296dd153131beab94eeaf
assets/ico-select.svg.liquid:
  development: 2017-07-20T17:12:00-04:00   9c9cc5a57cc74a0a64c2f62b1370a920
assets/icons.eot:
  development: 2017-07-20T17:12:00-04:00   6499aa740322bffbb6e26ebadf450c4a
assets/icons.json:
  development: 2017-07-20T17:12:01-04:00   6f9018585c3e215e29cef8e390091787
assets/icons.svg:
  development: 2017-07-20T17:12:01-04:00   1f568afd815839eae6eb796a52a497a6
assets/icons.ttf:
  development: 2017-07-20T17:12:01-04:00   0678272006d7b08a523ae6973a72d181
assets/icons.woff:
  development: 2017-07-20T17:12:01-04:00   6d64bee3b4d239a6cf6af98045a95954
assets/loading.gif:
  development: 2017-08-17T03:53:43-04:00   14a9473c342409c64c3d1fc3118cddca
assets/logo.png:
  development: 2017-07-25T11:06:33-04:00   88b777e7d2e0ac17ae0ff120153e4024
assets/magnic-popup.css:
  development: 2017-09-02T11:57:47-04:00   6eff092d9de3346720ff49849ee9003a
assets/mixins.scss:
  development: 2017-09-08T14:35:19-04:00   038f8707e1108435839cd47b3c71905d
assets/modernizr.min.js:
  development: 2017-07-20T17:12:01-04:00   dc21cffad945a84cbbe770d52b1a0ded
assets/owl.carousel.css:
  development: 2017-09-07T09:08:32-04:00   83ef097be10f83e9f999a55c34a04beb
assets/owl.carousel.js:
  development: 2017-09-07T09:08:08-04:00   0aa8dbbc9beca33dd418f7b2a3c966b1
assets/owl.theme.default.css:
  development: 2017-09-07T09:08:59-04:00   26dd7ebd96f611bff70d97bd1eb24ca1
assets/read-more.svg:
  development: 2017-08-31T17:06:10-04:00   9c9d3494c6e1d2873f5907dbfc238648
assets/respond-proxy.html:
  development: 2017-07-20T17:12:01-04:00   75002d74a330bff6bf069284da503b4c
assets/respond.min.js:
  development: 2017-07-20T17:12:01-04:00   a2684e9b8fa50d6d11c56a9ada068528
assets/social-icon-facebook.png:
  development: 2017-07-26T09:14:54-04:00   b43460c491546df4cc8bfb527d0883da
assets/social-icon-facebook_2x.png:
  development: 2017-07-26T09:15:08-04:00   25c3399a479cf6a18262a0979bd64ab4
assets/social-icon-google-plus.png:
  development: 2017-07-26T09:15:19-04:00   a54b10ecfa4396c4e52595c4433649bd
assets/social-icon-google-plus_2x.png:
  development: 2017-07-26T09:15:31-04:00   6eda91e97881580cee273cabe364ba90
assets/social-icon-instagram.png:
  development: 2017-07-26T09:15:42-04:00   14b30b7fcbf0c6f3dcaf3f2ee0b35211
assets/social-icon-instagram_2x.png:
  development: 2017-07-26T09:15:53-04:00   551956efc276933693c207d9d10e3634
assets/social-icon-pinterest.png:
  development: 2017-07-26T09:16:06-04:00   ccc862cb6e32f2fa8990439c3f4c2227
assets/social-icon-pinterest_2x.png:
  development: 2017-07-26T09:16:16-04:00   fde6497cd80de7c8f4a900a53d95354f
assets/social-icon-twitter.png:
  development: 2017-07-26T09:16:27-04:00   5e725e1d5f2b0c74f3affd6b4be4b919
assets/social-icon-twitter_2x.png:
  development: 2017-07-26T09:16:36-04:00   fe2b60c44fbb1f69e8cbaf5cc4bd393f
assets/social-icon-vimeo.png:
  development: 2017-07-26T09:16:44-04:00   278682b5a8f5ffe2e8607473a113465a
assets/social-icon-vimeo_2x.png:
  development: 2017-07-26T09:16:54-04:00   413be282fa87978f0c530b9f95608218
assets/social-icon-youtube.png:
  development: 2017-07-26T09:17:04-04:00   44d44e4b04b6efc97d07f6192ac2e1b6
assets/social-icon-youtube_2x.png:
  development: 2017-07-26T09:17:14-04:00   76d1c60b3bdfed6f7606ac6029e6269a
assets/soldout.png:
  development: 2017-08-22T07:04:50-04:00   6a7697db19e17aae7568e216c2b365af
assets/store.png:
  development: 2017-07-26T10:08:36-04:00   3889c04cdcc3f5ae5273a31895160ad0
assets/swatch.css.liquid:
  development: 2017-09-01T05:26:58-04:00   cd5cbf2234296154f9697395010f3852
assets/theme.js.liquid:
  development: 2017-09-07T11:39:12-04:00   0cd658134618233053d8ce1df5b42659
assets/tile.gif:
  development: 2017-09-02T17:05:46-04:00   969634ed6ce645a78ff97ff3f2a62865
assets/timber.js.liquid:
  development: 2017-09-01T11:09:51-04:00   519738ee269c21476702580b712a53a6
assets/timber.scss.liquid:
  development: 2017-09-08T16:03:38-04:00   fa45746c8b9fd296d537a5724d3ac7c1
assets/vendors.js:
  development: 2017-09-02T11:56:55-04:00   032d17cd2dcc5d608bc5d1fb30a2dbfd
config/settings_data.json:
  development: 2017-09-08T13:07:10-04:00   3d73ffef376c002b198761900e51c8b1
config/settings_schema.json:
  development: 2017-09-08T13:42:46-04:00   f55a5a3a77f88d939d68f46a0a2e78aa
layout/theme.liquid:
  development: 2017-09-08T10:16:35-04:00   b7b5e431b436f6157eb58a55d7218e3c
locales/de.json:
  development: 2017-07-20T17:12:02-04:00   585899bd4424d43afa93b72083a5aa0e
locales/en.default.json:
  development: 2017-09-08T10:10:42-04:00   62d176d1b76287a2b44b1015c3bccc59
locales/es.json:
  development: 2017-07-20T17:12:02-04:00   e1095d0bd282d98ace9c18e5973bb6bf
locales/fr.json:
  development: 2017-07-20T17:12:02-04:00   95311e190dd74a4665d004f60dda8ad2
locales/pt-BR.json:
  development: 2017-07-20T17:12:02-04:00   3bc832b43077ef1681f2fe4be3eda8c9
locales/pt-PT.json:
  development: 2017-07-20T17:12:02-04:00   6ddf443592f389ff55aa739569736f47
snippets/add-to-compare.liquid:
  development: 2017-08-24T11:21:10-04:00   6f7e7b89469d3d3826f2cabaac05eeaa
snippets/ajax-cart-template.liquid:
  development: 2017-08-22T05:02:24-04:00   fd2c620487c1b12dd4ca23d9fa4029ae
snippets/blog-sidebar.liquid:
  development: 2017-07-20T17:12:01-04:00   ae3891e372509ded7074e50b2a97f438
snippets/breadcrumb.liquid:
  development: 2017-07-26T17:06:41-04:00   b25969cd97f683012dd55cd1213bd805
snippets/collection-sidebar.liquid:
  development: 2017-07-20T17:12:01-04:00   b53274904cf2b47ce2fb4c3e6d632bb3
snippets/collection-sorting.liquid:
  development: 2017-07-20T17:12:01-04:00   d369d2d4697110800946220909e8ecf8
snippets/comment.liquid:
  development: 2017-07-20T17:12:01-04:00   c766e42be8a74e05533d0e5a0e3a9ce3
snippets/filter-menu.liquid:
  development: 2017-08-15T09:13:23-04:00   741f90f9075e652084c0dcbd4a3d05b3
snippets/followprice.liquid:
  development: 2017-09-01T17:25:26-04:00   4c95bd40f7ff21c5d68a79b87d6463a6
snippets/header-side-category.liquid:
  development: 2017-08-08T17:27:26-04:00   a2d7584d3e298d542cbeb6934d40c1f0
snippets/home-featured-offers.liquid:
  development: 2017-09-08T14:37:55-04:00   0dea81db8ab9c8bc96c006de9cc62207
snippets/home-featured-products.liquid:
  development: 2017-09-08T14:37:57-04:00   f2cd5a10f7f77c5846047433cea5b412
snippets/home-hero.liquid:
  development: 2017-09-06T13:37:14-04:00   5531096b45dce053d5fb511d01348ba8
snippets/home-new-products.liquid:
  development: 2017-09-08T14:37:59-04:00   10c08ef80683e09c6c54ed328145fc69
snippets/icon-arrow-right.liquid:
  development: 2017-08-02T14:37:33-04:00   44b5223f36d424d437eafb3a5b7bb97f
snippets/icon-cart.liquid:
  development: 2017-07-21T13:04:16-04:00   bbbd24a37560ca31fea5b11c114f2604
snippets/icon-email.liquid:
  development: 2017-07-26T10:50:38-04:00   b0de7b13b7a6d0b823676da0a2040f24
snippets/icon-hamburger.liquid:
  development: 2017-07-21T12:32:21-04:00   de93aba3198472825de26b07a59525a2
snippets/icon-location.liquid:
  development: 2017-07-26T10:23:18-04:00   b8a548363a35ebc2c4204665ffd1c9b3
snippets/icon-read-more.liquid:
  development: 2017-08-31T17:34:53-04:00   20b8542120e276396004f6038e6952e8
snippets/icon-search.liquid:
  development: 2017-07-21T11:43:46-04:00   a34303f754d950fc9107f8ce8b20ad03
snippets/icon__user-info.liquid:
  development: 2017-07-21T13:48:09-04:00   f125fb2492e12e98b551661d7f46138a
snippets/main-nav-item-body.liquid:
  development: 2017-08-11T14:09:59-04:00   22ce1e74e49768b6b2666befc7466cbc
snippets/oldIE-js.liquid:
  development: 2017-07-20T17:12:01-04:00   1197cc7109944206a600ed5caaef6a6f
snippets/onboarding-empty-collection.liquid:
  development: 2017-07-20T17:12:01-04:00   b25d81b4ba1c3e279fa58a5aade16b43
snippets/onboarding-featured-collections.liquid:
  development: 2017-07-20T17:12:01-04:00   63d3e42eb5e78f32bdd7d7bb96c2aa81
snippets/onboarding-featured-products.liquid:
  development: 2017-07-20T17:12:01-04:00   6a32fc5786e0f1dc98a1f75897fca8b3
snippets/product-description-tabs.liquid:
  development: 2017-09-08T11:07:56-04:00   5fd89a0742397791ccf1d9035752ebd9
snippets/product-featured-loop.liquid:
  development: 2017-09-08T11:11:21-04:00   d602791a1dc3eca1e53505b9290b77d0
snippets/product-gallery.liquid:
  development: 2017-09-02T13:08:22-04:00   130079b39560c11ccb294ebb345b854b
snippets/product-grid-item.liquid:
  development: 2017-09-08T12:09:12-04:00   652dcd81804e05c8aa4190a54e4eaece
snippets/product-list-item.liquid:
  development: 2017-08-01T09:42:16-04:00   b1940c96c41c45c98484102431fc203f
snippets/product-offer-loop.liquid:
  development: 2017-09-08T11:11:27-04:00   4512af4a7204e9580040266c13255d3e
snippets/recently-viewed-products.liquid:
  development: 2017-09-01T17:35:43-04:00   ee5435bf451bc35f23425ebe33ec378d
snippets/related-grid-item.liquid:
  development: 2017-09-08T07:28:27-04:00   331e3aad1ba17d58a0f5a89fa38e505a
snippets/related-product.liquid:
  development: 2017-09-08T08:33:22-04:00   2bf062c61c3183f95cd4f8f0e3bac5da
snippets/respond.liquid:
  development: 2017-07-20T17:12:02-04:00   ca6abf0635dc2ad8c6bd377f83c79f6b
snippets/right-grid-item.liquid:
  development: 2017-09-08T08:29:53-04:00   3775d61bde8c70d98bf228858ed9ed5c
snippets/search-bar.liquid:
  development: 2017-07-21T11:44:19-04:00   d647451b263a00e6b7d0d96ef7e846e1
snippets/section-best-sellers.liquid:
  development: 2017-09-08T15:54:22-04:00   9cd7a161eaa7348c0b3946c1da26235c
snippets/section-brand-lists.liquid:
  development: 2017-09-08T13:39:32-04:00   38d55b71688b57c5e5f9f0993aca8be7
snippets/social-meta-tags.liquid:
  development: 2017-07-20T17:12:02-04:00   e7c97d7cb76c7925dd144dfb7b188cac
snippets/social-profiles.liquid:
  development: 2017-07-26T09:10:06-04:00   d18b19a938455aead3470dd6d6104caf
snippets/swatch.liquid:
  development: 2017-09-01T05:24:28-04:00   da0b0c80dc6f18a1f054a008bb7f165d
snippets/tags-article.liquid:
  development: 2017-07-20T17:12:02-04:00   52bc59a44a51be2f1745559c2ba514a2
snippets/wishlist-pro.liquid:
  development: 2017-09-01T17:13:37-04:00   7eb97e51743d852ebcae5534de3f5d95
templates/404.liquid:
  development: 2017-07-20T17:12:02-04:00   44a6b0129de575e7085a047bc2096a76
templates/article.liquid:
  development: 2017-07-20T17:12:02-04:00   ff67120cd7978f6390cdb79827f34d02
templates/blog.liquid:
  development: 2017-07-20T17:12:02-04:00   2d2ff4bd1bf2ef7ce2b889d6a95c6f74
templates/cart.liquid:
  development: 2017-07-20T17:12:02-04:00   49bbbe1b3bda19110f7e72abc158bb91
templates/collection.liquid:
  development: 2017-08-11T15:42:07-04:00   e0fadee160b235b7d6e57e2277236bcd
templates/collection.list.liquid:
  development: 2017-08-01T09:57:33-04:00   0fd9f4ba79ffb70154796a9c92a26fff
templates/customers/account.liquid:
  development: 2017-07-20T17:12:02-04:00   da9e3584ef6699ac5c811b73b42c58db
templates/customers/activate_account.liquid:
  development: 2017-07-20T17:12:02-04:00   d92bfce42f05a75de2f61cb6ba433e69
templates/customers/addresses.liquid:
  development: 2017-07-20T17:12:02-04:00   998f4a7deb6a33d014cbc3f0075b8050
templates/customers/login.liquid:
  development: 2017-07-20T17:12:02-04:00   e292c0a273f17c7835d558e1b61149cf
templates/customers/order.liquid:
  development: 2017-07-20T17:12:02-04:00   e3ec01e9286bf4daa7b5a3a7bbe8479c
templates/customers/register.liquid:
  development: 2017-07-20T17:12:02-04:00   77a294477ea2d6de5861f583e2a05051
templates/customers/reset_password.liquid:
  development: 2017-07-20T17:12:02-04:00   66ba7b680ca26b2eba0f162d4122d94c
templates/gift_card.liquid:
  development: 2017-07-20T17:12:02-04:00   c1ae0f8232e003fac57213d1353e513c
templates/index.liquid:
  development: 2017-09-08T13:28:35-04:00   3a4acb1d4e10d39e9fc6f298f0c8a67c
templates/list-collections.liquid:
  development: 2017-07-20T17:12:02-04:00   380da281c4820602d95334029b03aa84
templates/page.compare.liquid:
  development: 2017-08-01T12:03:35-04:00   a16877a1d57dbe17f0c8d48b29e82969
templates/page.contact.liquid:
  development: 2017-07-20T17:12:02-04:00   1d694a5be30bd64695b503c2d4b928dc
templates/page.liquid:
  development: 2017-07-20T17:12:02-04:00   32faec183321b6d7d9b4197ec3e05575
templates/page.wishlist-pro.liquid:
  development: 2017-09-01T13:24:45-04:00   054c731d960dd1b1a2d3664ee1155077
templates/product-backup-tabs.liquid:
  development: 2017-09-08T11:06:09-04:00   90468ee1a8857465c3ac0dec70b59442
templates/product.liquid:
  development: 2017-09-08T11:03:30-04:00   90468ee1a8857465c3ac0dec70b59442
templates/search.liquid:
  development: 2017-07-20T17:12:02-04:00   3926b96d4d14c2cd8409e56f7cc6d6e0
